
Microsoft Visual Studio Solution File, Format Version 12.00
# Visual Studio Version 17
VisualStudioVersion = 17.4.33205.214
MinimumVisualStudioVersion = 10.0.40219.1
Project("{FAE04EC0-301F-11D3-BF4B-00C04F79EFBC}") = "DentalClinic", "DentalClinic\DentalClinic.csproj", "{CBFB2D90-57F3-4EFD-B245-4A8004CFDBDA}"
EndProject
Global
	GlobalSection(SolutionConfigurationPlatforms) = preSolution
		Debug|Any CPU = Debug|Any CPU
		Release|Any CPU = Release|Any CPU
	EndGlobalSection
	GlobalSection(ProjectConfigurationPlatforms) = postSolution
		{CBFB2D90-57F3-4EFD-B245-4A8004CFDBDA}.Debug|Any CPU.ActiveCfg = Debug|Any CPU
		{CBFB2D90-57F3-4EFD-B245-4A8004CFDBDA}.Debug|Any CPU.Build.0 = Debug|Any CPU
		{CBFB2D90-57F3-4EFD-B245-4A8004CFDBDA}.Release|Any CPU.ActiveCfg = Release|Any CPU
		{CBFB2D90-57F3-4EFD-B245-4A8004CFDBDA}.Release|Any CPU.Build.0 = Release|Any CPU
	EndGlobalSection
	GlobalSection(SolutionProperties) = preSolution
		HideSolutionNode = FALSE
	EndGlobalSection
	GlobalSection(ExtensibilityGlobals) = postSolution
		SolutionGuid = {7ADED06E-E2E9-4BA1-A3A3-FA04AF2BF2A6}
	EndGlobalSection
EndGlobal
